
Microsoft Visual Studio Solution File, Format Version 12.00
# Visual Studio Version 16
VisualStudioVersion = 16.0.31911.196
MinimumVisualStudioVersion = 10.0.40219.1
Project("{8BC9CEB8-8B4A-11D0-8D11-00A0C91BC942}") = "SandBox", "SandBox\SandBox.vcxproj", "{AF400E4A-91C7-4F35-9741-BA9C31512711}"
EndProject
Project("{8BC9CEB8-8B4A-11D0-8D11-00A0C91BC942}") = "Hasaki", "Hasaki\Hasaki.vcxproj", "{EB15015F-4229-447C-83C6-9AA8BA822CD1}"
EndProject
Global
	GlobalSection(SolutionConfigurationPlatforms) = preSolution
		Debug|x64 = Debug|x64
		Release|x64 = Release|x64
	EndGlobalSection
	GlobalSection(ProjectConfigurationPlatforms) = postSolution
		{EB15015F-4229-447C-83C6-9AA8BA822CD1}.Debug|x64.ActiveCfg = Debug|x64
		{EB15015F-4229-447C-83C6-9AA8BA822CD1}.Debug|x64.Build.0 = Debug|x64
		{EB15015F-4229-447C-83C6-9AA8BA822CD1}.Release|x64.ActiveCfg = Release|x64
		{EB15015F-4229-447C-83C6-9AA8BA822CD1}.Release|x64.Build.0 = Release|x64
		{AF400E4A-91C7-4F35-9741-BA9C31512711}.Debug|x64.ActiveCfg = Debug|x64
		{AF400E4A-91C7-4F35-9741-BA9C31512711}.Debug|x64.Build.0 = Debug|x64
		{AF400E4A-91C7-4F35-9741-BA9C31512711}.Release|x64.ActiveCfg = Release|x64
		{AF400E4A-91C7-4F35-9741-BA9C31512711}.Release|x64.Build.0 = Release|x64
	EndGlobalSection
	GlobalSection(SolutionProperties) = preSolution
		HideSolutionNode = FALSE
	EndGlobalSection
	GlobalSection(ExtensibilityGlobals) = postSolution
		SolutionGuid = {46D22E6D-064C-41B9-B98B-078FEF653A64}
	EndGlobalSection
EndGlobal
